dependencies:
- name: cert-manager
  repository: https://charts.jetstack.io/
  version: v0.10.1
- name: prometheus
  repository: https://prometheus-community.github.io/helm-charts
  version: 10.0.0
- name: postgresql
  repository: https://charts.bitnami.com/bitnami
  version: 8.9.4
- name: gitlab-runner
  repository: https://charts.gitlab.io/
  version: 0.24.0
- name: grafana
  repository: https://grafana.github.io/helm-charts
  version: 4.0.1
- name: redis
  repository: https://charts.bitnami.com/bitnami
  version: 10.3.4
digest: sha256:bc91b85265baf2122b38401077f9d7e4bf62bf3a1de3ffdbd57af0fdc06cd4ba
generated: "2021-01-22T09:01:37.37212994-07:00"
